{
  "name": "cardwall",
  "version": "0.1.0",
  "lockfileVersion": 3,
  "requires": true,
  "packages": {
    "": {
      "name": "cardwall",
      "version": "0.1.0",
      "devDependencies": {
        "@preact/signals": "2.0.1",
        "htm": "3.1.1",
        "papaparse": "5.4.1",
        "preact": "10.26.4"
      }
    },
    "node_modules/@preact/signals": {
      "version": "2.0.1",
      "resolved": "https://registry.npmjs.org/@preact/signals/-/signals-2.0.1.tgz",
      "integrity": "sha512-f9p/utMgttPb9bJ+UgRBkTDZ9uQiZfX1/gV3pXGWz+yGNQj8MrnG55Xo8MAG4IHcb5UXQO6tvt9ZlsM4A2j+Rw==",
      "dev": true,
      "license": "MIT",
      "dependencies": {
        "@preact/signals-core": "^1.7.0"
      },
      "funding": {
        "type": "opencollective",
        "url": "https://opencollective.com/preact"
      },
      "peerDependencies": {
        "preact": "10.x"
      }
    },
    "node_modules/@preact/signals-core": {
      "version": "1.14.2",
      "resolved": "https://registry.npmjs.org/@preact/signals-core/-/signals-core-1.14.2.tgz",
      "integrity": "sha512-RZHdBj9ZF4n40Rp4jS052EHHjBWf96P9oNdXPfhQTovCuWY9iQn3Gq+gOTJSgBO9A/JBuPfMOWsSX/lIU9Pc/A==",
      "dev": true,
      "license": "MIT",
      "funding": {
        "type": "opencollective",
        "url": "https://opencollective.com/preact"
      }
    },
    "node_modules/htm": {
      "version": "3.1.1",
      "resolved": "https://registry.npmjs.org/htm/-/htm-3.1.1.tgz",
      "integrity": "sha512-983Vyg8NwUE7JkZ6NmOqpCZ+sh1bKv2iYTlUkzlWmA5JD2acKoxd4KVxbMmxX/85mtfdnDmTFoNKcg5DGAvxNQ==",
      "dev": true,
      "license": "Apache-2.0"
    },
    "node_modules/papaparse": {
      "version": "5.4.1",
      "resolved": "https://registry.npmjs.org/papaparse/-/papaparse-5.4.1.tgz",
      "integrity": "sha512-HipMsgJkZu8br23pW15uvo6sib6wne/4woLZPlFf3rpDyMe9ywEXUsuD7+6K9PRkJlVT51j/sCOYDKGGS3ZJrw==",
      "dev": true,
      "license": "MIT"
    },
    "node_modules/preact": {
      "version": "10.26.4",
      "resolved": "https://registry.npmjs.org/preact/-/preact-10.26.4.tgz",
      "integrity": "sha512-KJhO7LBFTjP71d83trW+Ilnjbo+ySsaAgCfXOXUlmGzJ4ygYPWmysm77yg4emwfmoz3b22yvH5IsVFHbhUaH5w==",
      "dev": true,
      "license": "MIT",
      "funding": {
        "type": "opencollective",
        "url": "https://opencollective.com/preact"
      }
    }
  }
}
